
Microsoft Visual Studio Solution File, Format Version 12.00
# Visual Studio Version 17
VisualStudioVersion = 17.5.002.0
MinimumVisualStudioVersion = 10.0.40219.1
Project("{9A19103F-16F7-4668-BE54-9A1E7A4F7556}") = "LuckyAnt_PammCalculation", "LuckyAnt_PammCalculation\LuckyAnt_PammCalculation.csproj", "{61DEA00C-898A-4250-9B36-9C46E8CFCF2F}"
EndProject
Global
	GlobalSection(SolutionConfigurationPlatforms) = preSolution
		Debug|Any CPU = Debug|Any CPU
		Release|Any CPU = Release|Any CPU
	EndGlobalSection
	GlobalSection(ProjectConfigurationPlatforms) = postSolution
		{61DEA00C-898A-4250-9B36-9C46E8CFCF2F}.Debug|Any CPU.ActiveCfg = Debug|Any CPU
		{61DEA00C-898A-4250-9B36-9C46E8CFCF2F}.Debug|Any CPU.Build.0 = Debug|Any CPU
		{61DEA00C-898A-4250-9B36-9C46E8CFCF2F}.Release|Any CPU.ActiveCfg = Release|Any CPU
		{61DEA00C-898A-4250-9B36-9C46E8CFCF2F}.Release|Any CPU.Build.0 = Release|Any CPU
	EndGlobalSection
	GlobalSection(SolutionProperties) = preSolution
		HideSolutionNode = FALSE
	EndGlobalSection
	GlobalSection(ExtensibilityGlobals) = postSolution
		SolutionGuid = {59D5BC64-DCC6-47B0-A30E-63DF7484DC43}
	EndGlobalSection
EndGlobal
